{
  "name": "ai-image-generator",
  "version": "1.0.0",
  "lockfileVersion": 3,
  "requires": true,
  "packages": {
    "": {
      "name": "ai-image-generator",
      "version": "1.0.0",
      "dependencies": {
        "@huggingface/inference": "^4.13.9"
      }
    },
    "node_modules/@huggingface/inference": {
      "version": "4.13.21",
      "resolved": "https://registry.npmjs.org/@huggingface/inference/-/inference-4.13.21.tgz",
      "integrity": "sha512-B2gsY92aN8mxgQ1zqibQPFyq05KOlE4sTmRj1wYEEghOo/D4n6lVkH6v/7HcMzwUvfrKzYid0Cl1Nw0tEY5xTQ==",
      "license": "MIT",
      "dependencies": {
        "@huggingface/jinja": "^0.5.9",
        "@huggingface/tasks": "^0.21.17"
      },
      "engines": {
        "node": ">=18"
      }
    },
    "node_modules/@huggingface/jinja": {
      "version": "0.5.9",
      "resolved": "https://registry.npmjs.org/@huggingface/jinja/-/jinja-0.5.9.tgz",
      "integrity": "sha512-uWTG+l3VJRsl7EXxYizuL3P+cCPoc3cRqbWWRcQN0FhejRfbdq0RNhCmbY/YDtnTcz9icdLYuLDjsnz4d8JMuw==",
      "license": "MIT",
      "engines": {
        "node": ">=18"
      }
    },
    "node_modules/@huggingface/tasks": {
      "version": "0.21.18",
      "resolved": "https://registry.npmjs.org/@huggingface/tasks/-/tasks-0.21.18.tgz",
      "integrity": "sha512-vF5zwjAp0lszB6IKuhRC+yTtwcdWZ+629CBuBbjK7/UVDgOOkS5+mpVfc87wEPK4WpDZDDJe6dc0HLhVTpkyyg==",
      "license": "MIT"
    }
  }
}
